
Microsoft Visual Studio Solution File, Format Version 12.00
# Visual Studio 15
VisualStudioVersion = 15.0.27130.2024
MinimumVisualStudioVersion = 10.0.40219.1
Project("{FAE04EC0-301F-11D3-BF4B-00C04F79EFBC}") = "ExportChart_Excel_Add-in", "ExportChart_Excel_Add-in\ExportChart_Excel_Add-in.csproj", "{B1CA2B86-DB70-4C16-A3AE-0361ADCAAB71}"
EndProject
Global
	GlobalSection(SolutionConfigurationPlatforms) = preSolution
		Debug|Any CPU = Debug|Any CPU
		Release|Any CPU = Release|Any CPU
	EndGlobalSection
	GlobalSection(ProjectConfigurationPlatforms) = postSolution
		{B1CA2B86-DB70-4C16-A3AE-0361ADCAAB71}.Debug|Any CPU.ActiveCfg = Debug|Any CPU
		{B1CA2B86-DB70-4C16-A3AE-0361ADCAAB71}.Debug|Any CPU.Build.0 = Debug|Any CPU
		{B1CA2B86-DB70-4C16-A3AE-0361ADCAAB71}.Release|Any CPU.ActiveCfg = Release|Any CPU
		{B1CA2B86-DB70-4C16-A3AE-0361ADCAAB71}.Release|Any CPU.Build.0 = Release|Any CPU
	EndGlobalSection
	GlobalSection(SolutionProperties) = preSolution
		HideSolutionNode = FALSE
	EndGlobalSection
	GlobalSection(ExtensibilityGlobals) = postSolution
		SolutionGuid = {513003E9-9AF4-4547-A018-9A7301297D1E}
	EndGlobalSection
EndGlobal
